// !$*UTF8*$!
{
	archiveVersion = 1;
	classes = {
	};
	objectVersion = 48;
	objects = {

/* Begin PBXBuildFile section */
		FAD01C291F6CE4230047658C /* AppDelegate.swift in Sources */ = {isa = PBXBuildFile; fileRef = FAD01C281F6CE4230047658C /* AppDelegate.swift */; };
		FAD01C2B1F6CE4230047658C /* Scene.sks in Resources */ = {isa = PBXBuildFile; fileRef = FAD01C2A1F6CE4230047658C /* Scene.sks */; };
		FAD01C2D1F6CE4230047658C /* Scene.swift in Sources */ = {isa = PBXBuildFile; fileRef = FAD01C2C1F6CE4230047658C /* Scene.swift */; };
		FAD01C2F1F6CE4230047658C /* ViewController.swift in Sources */ = {isa = PBXBuildFile; fileRef = FAD01C2E1F6CE4230047658C /* ViewController.swift */; };
		FAD01C321F6CE4230047658C /* Main.storyboard in Resources */ = {isa = PBXBuildFile; fileRef = FAD01C301F6CE4230047658C /* Main.storyboard */; };
		FAD01C341F6CE4230047658C /* Assets.xcassets in Resources */ = {isa = PBXBuildFile; fileRef = FAD01C331F6CE4230047658C /* Assets.xcassets */; };
		FAD01C371F6CE4230047658C /* LaunchScreen.storyboard in Resources */ = {isa = PBXBuildFile; fileRef = FAD01C351F6CE4230047658C /* LaunchScreen.storyboard */; };
/* End PBXBuildFile section */

/* Begin PBXFileReference section */
		FAD01C251F6CE4230047658C /* NessieCash.app */ = {isa = PBXFileReference; explicitFileType = wrapper.application; includeInIndex = 0; path = NessieCash.app; sourceTree = BUILT_PRODUCTS_DIR; };
		FAD01C281F6CE4230047658C /* AppDelegate.swift */ = {isa = PBXFileReference; lastKnownFileType = sourcecode.swift; path = AppDelegate.swift; sourceTree = "<group>"; };
		FAD01C2A1F6CE4230047658C /* Scene.sks */ = {isa = PBXFileReference; lastKnownFileType = file.sks; path = Scene.sks; sourceTree = "<group>"; };
		FAD01C2C1F6CE4230047658C /* Scene.swift */ = {isa = PBXFileReference; lastKnownFileType = sourcecode.swift; path = Scene.swift; sourceTree = "<group>"; };
		FAD01C2E1F6CE4230047658C /* ViewController.swift */ = {isa = PBXFileReference; lastKnownFileType = sourcecode.swift; path = ViewController.swift; sourceTree = "<group>"; };
		FAD01C311F6CE4230047658C /* Base */ = {isa = PBXFileReference; lastKnownFileType = file.storyboard; name = Base; path = Base.lproj/Main.storyboard; sourceTree = "<group>"; };
		FAD01C331F6CE4230047658C /* Assets.xcassets */ = {isa = PBXFileReference; lastKnownFileType = folder.assetcatalog; path = Assets.xcassets; sourceTree = "<group>"; };
		FAD01C361F6CE4230047658C /* Base */ = {isa = PBXFileReference; lastKnownFileType = file.storyboard; name = Base; path = Base.lproj/LaunchScreen.storyboard; sourceTree = "<group>"; };
		FAD01C381F6CE4230047658C /* Info.plist */ = {isa = PBXFileReference; lastKnownFileType = text.plist.xml; path = Info.plist; sourceTree = "<group>"; };
/* End PBXFileReference section */

/* Begin PBXFrameworksBuildPhase section */
		FAD01C221F6CE4230047658C /* Frameworks */ = {
			isa = PBXFrameworksBuildPhase;
			buildActionMask = 2147483647;
			files = (
			);
			runOnlyForDeploymentPostprocessing = 0;
		};
/* End PBXFrameworksBuildPhase section */

/* Begin PBXGroup section */
		FAD01C1C1F6CE4230047658C = {
			isa = PBXGroup;
			children = (
				FAD01C271F6CE4230047658C /* NessieCash */,
				FAD01C261F6CE4230047658C /* Products */,
			);
			sourceTree = "<group>";
		};
		FAD01C261F6CE4230047658C /* Products */ = {
			isa = PBXGroup;
			children = (
				FAD01C251F6CE4230047658C /* NessieCash.app */,
			);
			name = Products;
			sourceTree = "<group>";
		};
		FAD01C271F6CE4230047658C /* NessieCash */ = {
			isa = PBXGroup;
			children = (
				FAD01C281F6CE4230047658C /* AppDelegate.swift */,
				FAD01C2A1F6CE4230047658C /* Scene.sks */,
				FAD01C2C1F6CE4230047658C /* Scene.swift */,
				FAD01C2E1F6CE4230047658C /* ViewController.swift */,
				FAD01C301F6CE4230047658C /* Main.storyboard */,
				FAD01C331F6CE4230047658C /* Assets.xcassets */,
				FAD01C351F6CE4230047658C /* LaunchScreen.storyboard */,
				FAD01C381F6CE4230047658C /* Info.plist */,
			);
			path = NessieCash;
			sourceTree = "<group>";
		};
/* End PBXGroup section */

/* Begin PBXNativeTarget section */
		FAD01C241F6CE4230047658C /* NessieCash */ = {
			isa = PBXNativeTarget;
			buildConfigurationList = FAD01C3B1F6CE4230047658C /* Build configuration list for PBXNativeTarget "NessieCash" */;
			buildPhases = (
				FAD01C211F6CE4230047658C /* Sources */,
				FAD01C221F6CE4230047658C /* Frameworks */,
				FAD01C231F6CE4230047658C /* Resources */,
			);
			buildRules = (
			);
			dependencies = (
			);
			name = NessieCash;
			productName = NessieCash;
			productReference = FAD01C251F6CE4230047658C /* NessieCash.app */;
			productType = "com.apple.product-type.application";
		};
/* End PBXNativeTarget section */

/* Begin PBXProject section */
		FAD01C1D1F6CE4230047658C /* Project object */ = {
			isa = PBXProject;
			attributes = {
				LastSwiftUpdateCheck = 0900;
				LastUpgradeCheck = 0900;
				ORGANIZATIONNAME = Alex;
				TargetAttributes = {
					FAD01C241F6CE4230047658C = {
						CreatedOnToolsVersion = 9.0;
						ProvisioningStyle = Automatic;
					};
				};
			};
			buildConfigurationList = FAD01C201F6CE4230047658C /* Build configuration list for PBXProject "NessieCash" */;
			compatibilityVersion = "Xcode 8.0";
			developmentRegion = en;
			hasScannedForEncodings = 0;
			knownRegions = (
				en,
				Base,
			);
			mainGroup = FAD01C1C1F6CE4230047658C;
			productRefGroup = FAD01C261F6CE4230047658C /* Products */;
			projectDirPath = "";
			projectRoot = "";
			targets = (
				FAD01C241F6CE4230047658C /* NessieCash */,
			);
		};
/* End PBXProject section */

/* Begin PBXResourcesBuildPhase section */
		FAD01C231F6CE4230047658C /* Resources */ = {
			isa = PBXResourcesBuildPhase;
			buildActionMask = 2147483647;
			files = (
				FAD01C2B1F6CE4230047658C /* Scene.sks in Resources */,
				FAD01C371F6CE4230047658C /* LaunchScreen.storyboard in Resources */,
				FAD01C341F6CE4230047658C /* Assets.xcassets in Resources */,
				FAD01C321F6CE4230047658C /* Main.storyboard in Resources */,
			);
			runOnlyForDeploymentPostprocessing = 0;
		};
/* End PBXResourcesBuildPhase section */

/* Begin PBXSourcesBuildPhase section */
		FAD01C211F6CE4230047658C /* Sources */ = {
			isa = PBXSourcesBuildPhase;
			buildActionMask = 2147483647;
			files = (
				FAD01C2F1F6CE4230047658C /* ViewController.swift in Sources */,
				FAD01C2D1F6CE4230047658C /* Scene.swift in Sources */,
				FAD01C291F6CE4230047658C /* AppDelegate.swift in Sources */,
			);
			runOnlyForDeploymentPostprocessing = 0;
		};
/* End PBXSourcesBuildPhase section */

/* Begin PBXVariantGroup section */
		FAD01C301F6CE4230047658C /* Main.storyboard */ = {
			isa = PBXVariantGroup;
			children = (
				FAD01C311F6CE4230047658C /* Base */,
			);
			name = Main.storyboard;
			sourceTree = "<group>";
		};
		FAD01C351F6CE4230047658C /* LaunchScreen.storyboard */ = {
			isa = PBXVariantGroup;
			children = (
				FAD01C361F6CE4230047658C /* Base */,
			);
			name = LaunchScreen.storyboard;
			sourceTree = "<group>";
		};
/* End PBXVariantGroup section */

/* Begin XCBuildConfiguration section */
		FAD01C391F6CE4230047658C /* Debug */ = {
			isa = XCBuildConfiguration;
			buildSettings = {
				ALWAYS_SEARCH_USER_PATHS = NO;
				CLANG_ANALYZER_NONNULL = YES;
				CLANG_ANALYZER_NUMBER_OBJECT_CONVERSION = YES_AGGRESSIVE;
				CLANG_CXX_LANGUAGE_STANDARD = "gnu++14";
				CLANG_CXX_LIBRARY = "libc++";
				CLANG_ENABLE_MODULES = YES;
				CLANG_ENABLE_OBJC_ARC = YES;
				CLANG_WARN_BLOCK_CAPTURE_AUTORELEASING = YES;
				CLANG_WARN_BOOL_CONVERSION = YES;
				CLANG_WARN_COMMA = YES;
				CLANG_WARN_CONSTANT_CONVERSION = YES;
				CLANG_WARN_DIRECT_OBJC_ISA_USAGE = YES_ERROR;
				CLANG_WARN_DOCUMENTATION_COMMENTS = YES;
				CLANG_WARN_EMPTY_BODY = YES;
				CLANG_WARN_ENUM_CONVERSION = YES;
				CLANG_WARN_INFINITE_RECURSION = YES;
				CLANG_WARN_INT_CONVERSION = YES;
				CLANG_WARN_NON_LITERAL_NULL_CONVERSION = YES;
				CLANG_WARN_OBJC_LITERAL_CONVERSION = YES;
				CLANG_WARN_OBJC_ROOT_CLASS = YES_ERROR;
				CLANG_WARN_RANGE_LOOP_ANALYSIS = YES;
				CLANG_WARN_STRICT_PROTOTYPES = YES;
				CLANG_WARN_SUSPICIOUS_MOVE = YES;
				CLANG_WARN_UNGUARDED_AVAILABILITY = YES_AGGRESSIVE;
				CLANG_WARN_UNREACHABLE_CODE = YES;
				CLANG_WARN__DUPLICATE_METHOD_MATCH = YES;
				CODE_SIGN_IDENTITY = "iPhone Developer";
				COPY_PHASE_STRIP = NO;
				DEBUG_INFORMATION_FORMAT = dwarf;
				ENABLE_STRICT_OBJC_MSGSEND = YES;
				ENABLE_TESTABILITY = YES;
				GCC_C_LANGUAGE_STANDARD = gnu11;
				GCC_DYNAMIC_NO_PIC = NO;
				GCC_NO_COMMON_BLOCKS = YES;
				GCC_OPTIMIZATION_LEVEL = 0;
				GCC_PREPROCESSOR_DEFINITIONS = (
					"DEBUG=1",
					"$(inherited)",
				);
				GCC_WARN_64_TO_32_BIT_CONVERSION = YES;
				GCC_WARN_ABOUT_RETURN_TYPE = YES_ERROR;
				GCC_WARN_UNDECLARED_SELECTOR = YES;
				GCC_WARN_UNINITIALIZED_AUTOS = YES_AGGRESSIVE;
				GCC_WARN_UNUSED_FUNCTION = YES;
				GCC_WARN_UNUSED_VARIABLE = YES;
				IPHONEOS_DEPLOYMENT_TARGET = 11.0;
				MTL_ENABLE_DEBUG_INFO = YES;
				ONLY_ACTIVE_ARCH = YES;
				SDKROOT = iphoneos;
				SWIFT_ACTIVE_COMPILATION_CONDITIONS = DEBUG;
				SWIFT_OPTIMIZATION_LEVEL = "-Onone";
			};
			name = Debug;
		};
		FAD01C3A1F6CE4230047658C /* Release */ = {
			isa = XCBuildConfiguration;
			buildSettings = {
				ALWAYS_SEARCH_USER_PATHS = NO;
				CLANG_ANALYZER_NONNULL = YES;
				CLANG_ANALYZER_NUMBER_OBJECT_CONVERSION = YES_AGGRESSIVE;
				CLANG_CXX_LANGUAGE_STANDARD = "gnu++14";
				CLANG_CXX_LIBRARY = "libc++";
				CLANG_ENABLE_MODULES = YES;
				CLANG_ENABLE_OBJC_ARC = YES;
				CLANG_WARN_BLOCK_CAPTURE_AUTORELEASING = YES;
				CLANG_WARN_BOOL_CONVERSION = YES;
				CLANG_WARN_COMMA = YES;
				CLANG_WARN_CONSTANT_CONVERSION = YES;
				CLANG_WARN_DIRECT_OBJC_ISA_USAGE = YES_ERROR;
				CLANG_WARN_DOCUMENTATION_COMMENTS = YES;
				CLANG_WARN_EMPTY_BODY = YES;
				CLANG_WARN_ENUM_CONVERSION = YES;
				CLANG_WARN_INFINITE_RECURSION = YES;
				CLANG_WARN_INT_CONVERSION = YES;
				CLANG_WARN_NON_LITERAL_NULL_CONVERSION = YES;
				CLANG_WARN_OBJC_LITERAL_CONVERSION = YES;
				CLANG_WARN_OBJC_ROOT_CLASS = YES_ERROR;
				CLANG_WARN_RANGE_LOOP_ANALYSIS = YES;
				CLANG_WARN_STRICT_PROTOTYPES = YES;
				CLANG_WARN_SUSPICIOUS_MOVE = YES;
				CLANG_WARN_UNGUARDED_AVAILABILITY = YES_AGGRESSIVE;
				CLANG_WARN_UNREACHABLE_CODE = YES;
				CLANG_WARN__DUPLICATE_METHOD_MATCH = YES;
				CODE_SIGN_IDENTITY = "iPhone Developer";
				COPY_PHASE_STRIP = NO;
				DEBUG_INFORMATION_FORMAT = "dwarf-with-dsym";
				ENABLE_NS_ASSERTIONS = NO;
				ENABLE_STRICT_OBJC_MSGSEND = YES;
				GCC_C_LANGUAGE_STANDARD = gnu11;
				GCC_NO_COMMON_BLOCKS = YES;
				GCC_WARN_64_TO_32_BIT_CONVERSION = YES;
				GCC_WARN_ABOUT_RETURN_TYPE = YES_ERROR;
				GCC_WARN_UNDECLARED_SELECTOR = YES;
				GCC_WARN_UNINITIALIZED_AUTOS = YES_AGGRESSIVE;
				GCC_WARN_UNUSED_FUNCTION = YES;
				GCC_WARN_UNUSED_VARIABLE = YES;
				IPHONEOS_DEPLOYMENT_TARGET = 11.0;
				MTL_ENABLE_DEBUG_INFO = NO;
				SDKROOT = iphoneos;
				SWIFT_OPTIMIZATION_LEVEL = "-Owholemodule";
				VALIDATE_PRODUCT = YES;
			};
			name = Release;
		};
		FAD01C3C1F6CE4230047658C /* Debug */ = {
			isa = XCBuildConfiguration;
			buildSettings = {
				ASSETCATALOG_COMPILER_APPICON_NAME = AppIcon;
				CODE_SIGN_STYLE = Automatic;
				DEVELOPMENT_TEAM = 8ES66X8FF8;
				INFOPLIST_FILE = NessieCash/Info.plist;
				LD_RUNPATH_SEARCH_PATHS = "$(inherited) @executable_path/Frameworks";
				PRODUCT_BUNDLE_IDENTIFIER = com.innovatellc.NessieCash;
				PRODUCT_NAME = "$(TARGET_NAME)";
				SWIFT_VERSION = 4.0;
				TARGETED_DEVICE_FAMILY = "1,2";
			};
			name = Debug;
		};
		FAD01C3D1F6CE4230047658C /* Release */ = {
			isa = XCBuildConfiguration;
			buildSettings = {
				ASSETCATALOG_COMPILER_APPICON_NAME = AppIcon;
				CODE_SIGN_STYLE = Automatic;
				DEVELOPMENT_TEAM = 8ES66X8FF8;
				INFOPLIST_FILE = NessieCash/Info.plist;
				LD_RUNPATH_SEARCH_PATHS = "$(inherited) @executable_path/Frameworks";
				PRODUCT_BUNDLE_IDENTIFIER = com.innovatellc.NessieCash;
				PRODUCT_NAME = "$(TARGET_NAME)";
				SWIFT_VERSION = 4.0;
				TARGETED_DEVICE_FAMILY = "1,2";
			};
			name = Release;
		};
/* End XCBuildConfiguration section */

/* Begin XCConfigurationList section */
		FAD01C201F6CE4230047658C /* Build configuration list for PBXProject "NessieCash" */ = {
			isa = XCConfigurationList;
			buildConfigurations = (
				FAD01C391F6CE4230047658C /* Debug */,
				FAD01C3A1F6CE4230047658C /* Release */,
			);
			defaultConfigurationIsVisible = 0;
			defaultConfigurationName = Release;
		};
		FAD01C3B1F6CE4230047658C /* Build configuration list for PBXNativeTarget "NessieCash" */ = {
			isa = XCConfigurationList;
			buildConfigurations = (
				FAD01C3C1F6CE4230047658C /* Debug */,
				FAD01C3D1F6CE4230047658C /* Release */,
			);
			defaultConfigurationIsVisible = 0;
			defaultConfigurationName = Release;
		};
/* End XCConfigurationList section */
	};
	rootObject = FAD01C1D1F6CE4230047658C /* Project object */;
}
